schema: '2.0'
stages:
  prepare_data:
    cmd: python src/prepare_data.py
    deps:
    - path: src/prepare_data.py
      md5: d50357cf0f2793e367f26c491841a903
      size: 257
    outs:
    - path: CIFAR10
      md5: bc9a34f7def12ea37410b111a47882ce.dir
      size: 713424370
      nfiles: 18
  train:
    cmd: python src/train.py
    deps:
    - path: CIFAR10
      md5: bc9a34f7def12ea37410b111a47882ce.dir
      size: 713424370
      nfiles: 18
    - path: src/hparams.py
      md5: a15118217471f58975dfb5e3c8c517bb
      size: 127
    - path: src/train.py
      md5: 469f9928c57c43e5972021c420f05dc8
      size: 3104
    outs:
    - path: model.pt
      md5: 9a2fd10a62e036e97f7bb54c9420185f
      size: 44798229
  compute_metrics:
    cmd: python src/compute_metrics.py
    deps:
    - path: CIFAR10
      md5: bc9a34f7def12ea37410b111a47882ce.dir
      size: 713424370
      nfiles: 18
    - path: model.pt
      md5: 9a2fd10a62e036e97f7bb54c9420185f
      size: 44798229
    - path: src/compute_metrics.py
      md5: f62b82410598b38b93b6597fc319eb8c
      size: 1706
    outs:
    - path: final_metrics.json
      md5: 3a244b94c1e836785f9fd0a4a158ef46
      size: 34
